
Microsoft Visual Studio Solution File, Format Version 12.00
# Visual Studio Version 16
VisualStudioVersion = 16.0.31829.152
MinimumVisualStudioVersion = 10.0.40219.1
Project("{FAE04EC0-301F-11D3-BF4B-00C04F79EFBC}") = "NINA.Plugins.PixInsightTools", "PixInsightTools\NINA.Plugins.PixInsightTools.csproj", "{6AC8F0AB-4455-4072-9FB0-734B9E97E3CE}"
EndProject
Global
	GlobalSection(SolutionConfigurationPlatforms) = preSolution
		Debug|Any CPU = Debug|Any CPU
		Release|Any CPU = Release|Any CPU
	EndGlobalSection
	GlobalSection(ProjectConfigurationPlatforms) = postSolution
		{6AC8F0AB-4455-4072-9FB0-734B9E97E3CE}.Debug|Any CPU.ActiveCfg = Debug|Any CPU
		{6AC8F0AB-4455-4072-9FB0-734B9E97E3CE}.Debug|Any CPU.Build.0 = Debug|Any CPU
		{6AC8F0AB-4455-4072-9FB0-734B9E97E3CE}.Release|Any CPU.ActiveCfg = Release|Any CPU
		{6AC8F0AB-4455-4072-9FB0-734B9E97E3CE}.Release|Any CPU.Build.0 = Release|Any CPU
	EndGlobalSection
	GlobalSection(SolutionProperties) = preSolution
		HideSolutionNode = FALSE
	EndGlobalSection
	GlobalSection(ExtensibilityGlobals) = postSolution
		SolutionGuid = {227E3B7D-D17A-4DAF-9D47-B04C0864A1B5}
	EndGlobalSection
EndGlobal
